
Microsoft Visual Studio Solution File, Format Version 12.00
# Visual Studio Version 16
VisualStudioVersion = 16.0.29424.173
MinimumVisualStudioVersion = 10.0.40219.1
Project("{FAE04EC0-301F-11D3-BF4B-00C04F79EFBC}") = "ImdbData", "ImdbData\ImdbData.csproj", "{1DE746E4-C4F2-4E73-99AA-041DDC408DF5}"
EndProject
Project("{FAE04EC0-301F-11D3-BF4B-00C04F79EFBC}") = "ImdbService", "ImdbService\ImdbService.csproj", "{D4494FB3-5247-4C77-8115-0E492AC98B8C}"
EndProject
Project("{FAE04EC0-301F-11D3-BF4B-00C04F79EFBC}") = "ImdbUI", "ImdbUI\ImdbUI.csproj", "{43EE1F30-F8C0-4609-9AE4-2E0170EDF406}"
EndProject
Project("{FAE04EC0-301F-11D3-BF4B-00C04F79EFBC}") = "ImdbRestful", "ImdbRestful\ImdbRestful.csproj", "{886AC192-0BB1-4948-AE5F-02FD27EAA9B8}"
EndProject
Global
	GlobalSection(SolutionConfigurationPlatforms) = preSolution
		Debug|Any CPU = Debug|Any CPU
		Release|Any CPU = Release|Any CPU
	EndGlobalSection
	GlobalSection(ProjectConfigurationPlatforms) = postSolution
		{1DE746E4-C4F2-4E73-99AA-041DDC408DF5}.Debug|Any CPU.ActiveCfg = Debug|Any CPU
		{1DE746E4-C4F2-4E73-99AA-041DDC408DF5}.Debug|Any CPU.Build.0 = Debug|Any CPU
		{1DE746E4-C4F2-4E73-99AA-041DDC408DF5}.Release|Any CPU.ActiveCfg = Release|Any CPU
		{1DE746E4-C4F2-4E73-99AA-041DDC408DF5}.Release|Any CPU.Build.0 = Release|Any CPU
		{D4494FB3-5247-4C77-8115-0E492AC98B8C}.Debug|Any CPU.ActiveCfg = Debug|Any CPU
		{D4494FB3-5247-4C77-8115-0E492AC98B8C}.Debug|Any CPU.Build.0 = Debug|Any CPU
		{D4494FB3-5247-4C77-8115-0E492AC98B8C}.Release|Any CPU.ActiveCfg = Release|Any CPU
		{D4494FB3-5247-4C77-8115-0E492AC98B8C}.Release|Any CPU.Build.0 = Release|Any CPU
		{43EE1F30-F8C0-4609-9AE4-2E0170EDF406}.Debug|Any CPU.ActiveCfg = Debug|Any CPU
		{43EE1F30-F8C0-4609-9AE4-2E0170EDF406}.Debug|Any CPU.Build.0 = Debug|Any CPU
		{43EE1F30-F8C0-4609-9AE4-2E0170EDF406}.Release|Any CPU.ActiveCfg = Release|Any CPU
		{43EE1F30-F8C0-4609-9AE4-2E0170EDF406}.Release|Any CPU.Build.0 = Release|Any CPU
		{886AC192-0BB1-4948-AE5F-02FD27EAA9B8}.Debug|Any CPU.ActiveCfg = Debug|Any CPU
		{886AC192-0BB1-4948-AE5F-02FD27EAA9B8}.Debug|Any CPU.Build.0 = Debug|Any CPU
		{886AC192-0BB1-4948-AE5F-02FD27EAA9B8}.Release|Any CPU.ActiveCfg = Release|Any CPU
		{886AC192-0BB1-4948-AE5F-02FD27EAA9B8}.Release|Any CPU.Build.0 = Release|Any CPU
	EndGlobalSection
	GlobalSection(SolutionProperties) = preSolution
		HideSolutionNode = FALSE
	EndGlobalSection
	GlobalSection(ExtensibilityGlobals) = postSolution
		SolutionGuid = {071A3384-22CD-4DBD-9F2F-C74D3D316589}
	EndGlobalSection
EndGlobal
